
Microsoft Visual Studio Solution File, Format Version 12.00
Project("{FAE04EC0-301F-11D3-BF4B-00C04F79EFBC}") = "ImdbIngest", "ImdbIngest\ImdbIngest.csproj", "{505DE511-70A3-4390-9F2F-7392F93D7FEB}"
EndProject
Project("{FAE04EC0-301F-11D3-BF4B-00C04F79EFBC}") = "ImdbIngest.Tests", "ImdbIngest.Tests\ImdbIngest.Tests.csproj", "{E6EBAC15-320C-42D8-B967-7559FA8E1602}"
EndProject
Project("{FAE04EC0-301F-11D3-BF4B-00C04F79EFBC}") = "Api", "Api\Api.csproj", "{B0D7E623-0CEC-4C6C-8AB7-CA935CDB1814}"
EndProject
Project("{FAE04EC0-301F-11D3-BF4B-00C04F79EFBC}") = "Api.Tests", "Api.Tests\Api.Tests.csproj", "{CE7B560A-2A15-40AC-830C-1776AF20AB18}"
EndProject
Project("{FAE04EC0-301F-11D3-BF4B-00C04F79EFBC}") = "Shared", "Shared\Shared.csproj", "{5639AC87-45CE-44BB-926E-898A265E6DFF}"
EndProject
Project("{FAE04EC0-301F-11D3-BF4B-00C04F79EFBC}") = "Shared.Tests", "Shared.Tests\Shared.Tests.csproj", "{B3E3760A-9AA8-497E-99F8-61F65949ED40}"
EndProject
Global
	GlobalSection(SolutionConfigurationPlatforms) = preSolution
		Debug|Any CPU = Debug|Any CPU
		Release|Any CPU = Release|Any CPU
	EndGlobalSection
	GlobalSection(ProjectConfigurationPlatforms) = postSolution
		{505DE511-70A3-4390-9F2F-7392F93D7FEB}.Debug|Any CPU.ActiveCfg = Debug|Any CPU
		{505DE511-70A3-4390-9F2F-7392F93D7FEB}.Debug|Any CPU.Build.0 = Debug|Any CPU
		{505DE511-70A3-4390-9F2F-7392F93D7FEB}.Release|Any CPU.ActiveCfg = Release|Any CPU
		{505DE511-70A3-4390-9F2F-7392F93D7FEB}.Release|Any CPU.Build.0 = Release|Any CPU
		{E6EBAC15-320C-42D8-B967-7559FA8E1602}.Debug|Any CPU.ActiveCfg = Debug|Any CPU
		{E6EBAC15-320C-42D8-B967-7559FA8E1602}.Debug|Any CPU.Build.0 = Debug|Any CPU
		{E6EBAC15-320C-42D8-B967-7559FA8E1602}.Release|Any CPU.ActiveCfg = Release|Any CPU
		{E6EBAC15-320C-42D8-B967-7559FA8E1602}.Release|Any CPU.Build.0 = Release|Any CPU
		{B0D7E623-0CEC-4C6C-8AB7-CA935CDB1814}.Debug|Any CPU.ActiveCfg = Debug|Any CPU
		{B0D7E623-0CEC-4C6C-8AB7-CA935CDB1814}.Debug|Any CPU.Build.0 = Debug|Any CPU
		{B0D7E623-0CEC-4C6C-8AB7-CA935CDB1814}.Release|Any CPU.ActiveCfg = Release|Any CPU
		{B0D7E623-0CEC-4C6C-8AB7-CA935CDB1814}.Release|Any CPU.Build.0 = Release|Any CPU
		{CE7B560A-2A15-40AC-830C-1776AF20AB18}.Debug|Any CPU.ActiveCfg = Debug|Any CPU
		{CE7B560A-2A15-40AC-830C-1776AF20AB18}.Debug|Any CPU.Build.0 = Debug|Any CPU
		{CE7B560A-2A15-40AC-830C-1776AF20AB18}.Release|Any CPU.ActiveCfg = Release|Any CPU
		{CE7B560A-2A15-40AC-830C-1776AF20AB18}.Release|Any CPU.Build.0 = Release|Any CPU
		{5639AC87-45CE-44BB-926E-898A265E6DFF}.Debug|Any CPU.ActiveCfg = Debug|Any CPU
		{5639AC87-45CE-44BB-926E-898A265E6DFF}.Debug|Any CPU.Build.0 = Debug|Any CPU
		{5639AC87-45CE-44BB-926E-898A265E6DFF}.Release|Any CPU.ActiveCfg = Release|Any CPU
		{5639AC87-45CE-44BB-926E-898A265E6DFF}.Release|Any CPU.Build.0 = Release|Any CPU
		{B3E3760A-9AA8-497E-99F8-61F65949ED40}.Debug|Any CPU.ActiveCfg = Debug|Any CPU
		{B3E3760A-9AA8-497E-99F8-61F65949ED40}.Debug|Any CPU.Build.0 = Debug|Any CPU
		{B3E3760A-9AA8-497E-99F8-61F65949ED40}.Release|Any CPU.ActiveCfg = Release|Any CPU
		{B3E3760A-9AA8-497E-99F8-61F65949ED40}.Release|Any CPU.Build.0 = Release|Any CPU
	EndGlobalSection
EndGlobal
